Microsoft Visual Studio Solution File, Format Version 12.00
# Visual Studio Version 17
VisualStudioVersion = 17.5.2.0
MinimumVisualStudioVersion = 10.0.40219.1
Project("{FAE04EC0-301F-11D3-BF4B-00C04F79EFBC}") = "Rozklady", "Rozklady.csproj", "{AD589E2E-20EB-381C-99E1-E8AFEC155170}"
EndProject
Global
	GlobalSection(SolutionConfigurationPlatforms) = preSolution
		Debug|Any CPU = Debug|Any CPU
		Release|Any CPU = Release|Any CPU
	EndGlobalSection
	GlobalSection(ProjectConfigurationPlatforms) = postSolution
		{AD589E2E-20EB-381C-99E1-E8AFEC155170}.Debug|Any CPU.ActiveCfg = Debug|Any CPU
		{AD589E2E-20EB-381C-99E1-E8AFEC155170}.Debug|Any CPU.Build.0 = Debug|Any CPU
		{AD589E2E-20EB-381C-99E1-E8AFEC155170}.Release|Any CPU.ActiveCfg = Release|Any CPU
		{AD589E2E-20EB-381C-99E1-E8AFEC155170}.Release|Any CPU.Build.0 = Release|Any CPU
	EndGlobalSection
	GlobalSection(SolutionProperties) = preSolution
		HideSolutionNode = FALSE
	EndGlobalSection
	GlobalSection(ExtensibilityGlobals) = postSolution
		SolutionGuid = {57C1201A-69FB-4646-AD45-696AFDE31F67}
	EndGlobalSection
EndGlobal
